
Microsoft Visual Studio Solution File, Format Version 12.00
Project("{FAE04EC0-301F-11D3-BF4B-00C04F79EFBC}") = "Notey.App", "Notey.App\Notey.App.csproj", "{8CB3FE07-CBDF-499D-A2A2-95879E825AF9}"
EndProject
Global
	GlobalSection(SolutionConfigurationPlatforms) = preSolution
		Debug|Any CPU = Debug|Any CPU
		Release|Any CPU = Release|Any CPU
	EndGlobalSection
	GlobalSection(ProjectConfigurationPlatforms) = postSolution
		{8CB3FE07-CBDF-499D-A2A2-95879E825AF9}.Debug|Any CPU.ActiveCfg = Debug|Any CPU
		{8CB3FE07-CBDF-499D-A2A2-95879E825AF9}.Debug|Any CPU.Build.0 = Debug|Any CPU
		{8CB3FE07-CBDF-499D-A2A2-95879E825AF9}.Release|Any CPU.ActiveCfg = Release|Any CPU
		{8CB3FE07-CBDF-499D-A2A2-95879E825AF9}.Release|Any CPU.Build.0 = Release|Any CPU
	EndGlobalSection
EndGlobal
